
Microsoft Visual Studio Solution File, Format Version 12.00
# Visual Studio 15
VisualStudioVersion = 15.0.27428.2037
MinimumVisualStudioVersion = 10.0.40219.1
Project("{FAE04EC0-301F-11D3-BF4B-00C04F79EFBC}") = "Deportes.GUI.Admintrador", "Deportes\Deportes.GUI.Admintrador.csproj", "{27909FD4-0B8B-44A1-9B29-058EF5CD9370}"
EndProject
Project("{9A19103F-16F7-4668-BE54-9A1E7A4F7556}") = "deportes.COMMON", "deportes.COMMON\deportes.COMMON.csproj", "{4015DD4F-0392-41CF-8F43-DC78025B5690}"
EndProject
Project("{9A19103F-16F7-4668-BE54-9A1E7A4F7556}") = "Deportes.DAL", "Deportes.DAL\Deportes.DAL.csproj", "{A93D2FD1-70E8-4F9A-A032-F67B51551FF9}"
EndProject
Project("{9A19103F-16F7-4668-BE54-9A1E7A4F7556}") = "Deportes.BIZ", "Deportes.BIZ\Deportes.BIZ.csproj", "{6852883E-71F6-4457-8809-BD55F3204A50}"
EndProject
Project("{FAE04EC0-301F-11D3-BF4B-00C04F79EFBC}") = "Personas.GUI", "Personas.GUI\Personas.GUI.csproj", "{24821D10-FBC1-420F-9811-1AF10366E387}"
EndProject
Global
	GlobalSection(SolutionConfigurationPlatforms) = preSolution
		Debug|Any CPU = Debug|Any CPU
		Release|Any CPU = Release|Any CPU
	EndGlobalSection
	GlobalSection(ProjectConfigurationPlatforms) = postSolution
		{27909FD4-0B8B-44A1-9B29-058EF5CD9370}.Debug|Any CPU.ActiveCfg = Debug|Any CPU
		{27909FD4-0B8B-44A1-9B29-058EF5CD9370}.Debug|Any CPU.Build.0 = Debug|Any CPU
		{27909FD4-0B8B-44A1-9B29-058EF5CD9370}.Release|Any CPU.ActiveCfg = Release|Any CPU
		{27909FD4-0B8B-44A1-9B29-058EF5CD9370}.Release|Any CPU.Build.0 = Release|Any CPU
		{4015DD4F-0392-41CF-8F43-DC78025B5690}.Debug|Any CPU.ActiveCfg = Debug|Any CPU
		{4015DD4F-0392-41CF-8F43-DC78025B5690}.Debug|Any CPU.Build.0 = Debug|Any CPU
		{4015DD4F-0392-41CF-8F43-DC78025B5690}.Release|Any CPU.ActiveCfg = Release|Any CPU
		{4015DD4F-0392-41CF-8F43-DC78025B5690}.Release|Any CPU.Build.0 = Release|Any CPU
		{A93D2FD1-70E8-4F9A-A032-F67B51551FF9}.Debug|Any CPU.ActiveCfg = Debug|Any CPU
		{A93D2FD1-70E8-4F9A-A032-F67B51551FF9}.Debug|Any CPU.Build.0 = Debug|Any CPU
		{A93D2FD1-70E8-4F9A-A032-F67B51551FF9}.Release|Any CPU.ActiveCfg = Release|Any CPU
		{A93D2FD1-70E8-4F9A-A032-F67B51551FF9}.Release|Any CPU.Build.0 = Release|Any CPU
		{6852883E-71F6-4457-8809-BD55F3204A50}.Debug|Any CPU.ActiveCfg = Debug|Any CPU
		{6852883E-71F6-4457-8809-BD55F3204A50}.Debug|Any CPU.Build.0 = Debug|Any CPU
		{6852883E-71F6-4457-8809-BD55F3204A50}.Release|Any CPU.ActiveCfg = Release|Any CPU
		{6852883E-71F6-4457-8809-BD55F3204A50}.Release|Any CPU.Build.0 = Release|Any CPU
		{24821D10-FBC1-420F-9811-1AF10366E387}.Debug|Any CPU.ActiveCfg = Debug|Any CPU
		{24821D10-FBC1-420F-9811-1AF10366E387}.Debug|Any CPU.Build.0 = Debug|Any CPU
		{24821D10-FBC1-420F-9811-1AF10366E387}.Release|Any CPU.ActiveCfg = Release|Any CPU
		{24821D10-FBC1-420F-9811-1AF10366E387}.Release|Any CPU.Build.0 = Release|Any CPU
	EndGlobalSection
	GlobalSection(SolutionProperties) = preSolution
		HideSolutionNode = FALSE
	EndGlobalSection
	GlobalSection(ExtensibilityGlobals) = postSolution
		SolutionGuid = {14FDB412-3C7B-40A2-9B49-39BDC07603DC}
	EndGlobalSection
EndGlobal
